
Microsoft Visual Studio Solution File, Format Version 12.00
# Visual Studio Version 16
VisualStudioVersion = 16.0.29709.97
MinimumVisualStudioVersion = 10.0.40219.1
Project("{FAE04EC0-301F-11D3-BF4B-00C04F79EFBC}") = "IComparator", "IComparator\IComparator.csproj", "{0B9A5624-22D0-4D53-B301-A3D47753E890}"
EndProject
Global
	GlobalSection(SolutionConfigurationPlatforms) = preSolution
		Debug|Any CPU = Debug|Any CPU
		Release|Any CPU = Release|Any CPU
	EndGlobalSection
	GlobalSection(ProjectConfigurationPlatforms) = postSolution
		{0B9A5624-22D0-4D53-B301-A3D47753E890}.Debug|Any CPU.ActiveCfg = Debug|Any CPU
		{0B9A5624-22D0-4D53-B301-A3D47753E890}.Debug|Any CPU.Build.0 = Debug|Any CPU
		{0B9A5624-22D0-4D53-B301-A3D47753E890}.Release|Any CPU.ActiveCfg = Release|Any CPU
		{0B9A5624-22D0-4D53-B301-A3D47753E890}.Release|Any CPU.Build.0 = Release|Any CPU
	EndGlobalSection
	GlobalSection(SolutionProperties) = preSolution
		HideSolutionNode = FALSE
	EndGlobalSection
	GlobalSection(ExtensibilityGlobals) = postSolution
		SolutionGuid = {7C3A8B96-C8EC-4572-BB1D-DE45E2269D2D}
	EndGlobalSection
EndGlobal
